
Microsoft Visual Studio Solution File, Format Version 12.00
# Visual Studio Version 17
VisualStudioVersion = 17.1.32407.343
MinimumVisualStudioVersion = 10.0.40219.1
Project("{8BC9CEB8-8B4A-11D0-8D11-00A0C91BC942}") = "Server_Diem_Thi", "Server_Diem_Thi\Server_Diem_Thi.vcxproj", "{41468240-79B1-4EEC-9AE7-F36AB101C6B4}"
EndProject
Global
	GlobalSection(SolutionConfigurationPlatforms) = preSolution
		Debug|x64 = Debug|x64
		Debug|x86 = Debug|x86
		Release|x64 = Release|x64
		Release|x86 = Release|x86
	EndGlobalSection
	GlobalSection(ProjectConfigurationPlatforms) = postSolution
		{41468240-79B1-4EEC-9AE7-F36AB101C6B4}.Debug|x64.ActiveCfg = Debug|x64
		{41468240-79B1-4EEC-9AE7-F36AB101C6B4}.Debug|x64.Build.0 = Debug|x64
		{41468240-79B1-4EEC-9AE7-F36AB101C6B4}.Debug|x86.ActiveCfg = Debug|Win32
		{41468240-79B1-4EEC-9AE7-F36AB101C6B4}.Debug|x86.Build.0 = Debug|Win32
		{41468240-79B1-4EEC-9AE7-F36AB101C6B4}.Release|x64.ActiveCfg = Release|x64
		{41468240-79B1-4EEC-9AE7-F36AB101C6B4}.Release|x64.Build.0 = Release|x64
		{41468240-79B1-4EEC-9AE7-F36AB101C6B4}.Release|x86.ActiveCfg = Release|Win32
		{41468240-79B1-4EEC-9AE7-F36AB101C6B4}.Release|x86.Build.0 = Release|Win32
	EndGlobalSection
	GlobalSection(SolutionProperties) = preSolution
		HideSolutionNode = FALSE
	EndGlobalSection
	GlobalSection(ExtensibilityGlobals) = postSolution
		SolutionGuid = {DEC939DB-E108-4F0A-8545-62235B6FAB51}
	EndGlobalSection
EndGlobal
